PODS:
  - BlocksKit (2.2.5):
    - BlocksKit/All (= 2.2.5)
  - BlocksKit/All (2.2.5):
    - BlocksKit/Core
    - BlocksKit/DynamicDelegate
    - BlocksKit/MessageUI
    - BlocksKit/UIKit
  - BlocksKit/Core (2.2.5)
  - BlocksKit/DynamicDelegate (2.2.5)
  - BlocksKit/MessageUI (2.2.5):
    - BlocksKit/Core
    - BlocksKit/DynamicDelegate
  - BlocksKit/UIKit (2.2.5):
    - BlocksKit/Core
    - BlocksKit/DynamicDelegate
  - FURenderKit_nama (8.13.0)
  - Masonry (1.1.0)
  - PLMediaStreamingKit (3.1.1):
    - PLMediaStreamingKit/ex-HappyDNS (= 3.1.1)
    - PLMediaStreamingKit/HappyDNS (= 3.1.1)
  - PLMediaStreamingKit/ex-HappyDNS (3.1.1)
  - PLMediaStreamingKit/HappyDNS (3.1.1)
  - SVProgressHUD (2.2.5)

DEPENDENCIES:
  - BlocksKit
  - FURenderKit_nama (~> 8.13.0)
  - Masonry
  - PLMediaStreamingKit (~> 3.1.1)
  - SVProgressHUD

SPEC REPOS:
  https://mirrors.tuna.tsinghua.edu.cn/git/CocoaPods/Specs.git:
    - BlocksKit
    - FURenderKit_nama
    - Masonry
    - PLMediaStreamingKit
    - SVProgressHUD

SPEC CHECKSUMS:
  BlocksKit: 8639b2848dd51c35c957af4d9fbdc7a769a1fc12
  FURenderKit_nama: 0737ac79ece72d2a23b56887cf57d70edb9586fe
  Masonry: 678fab65091a9290e40e2832a55e7ab731aad201
  PLMediaStreamingKit: c9189aefaef1b8f90a53a93df1f961eddcb5c778
  SVProgressHUD: 1428aafac632c1f86f62aa4243ec12008d7a51d6

PODFILE CHECKSUM: 721dcd2f68d7c58d20aa2ffd35bbfc1bcfd5c2e2

COCOAPODS: 1.16.2
